
Microsoft Visual Studio Solution File, Format Version 12.00
# Visual Studio Version 17
VisualStudioVersion = 17.9.34622.214
MinimumVisualStudioVersion = 10.0.40219.1
Project("{FAE04EC0-301F-11D3-BF4B-00C04F79EFBC}") = "Exercicio 27", "Exercicio 27\Exercicio 27.csproj", "{31F56872-8A97-4829-9A83-1CE2002F915A}"
EndProject
Global
	GlobalSection(SolutionConfigurationPlatforms) = preSolution
		Debug|Any CPU = Debug|Any CPU
		Release|Any CPU = Release|Any CPU
	EndGlobalSection
	GlobalSection(ProjectConfigurationPlatforms) = postSolution
		{31F56872-8A97-4829-9A83-1CE2002F915A}.Debug|Any CPU.ActiveCfg = Debug|Any CPU
		{31F56872-8A97-4829-9A83-1CE2002F915A}.Debug|Any CPU.Build.0 = Debug|Any CPU
		{31F56872-8A97-4829-9A83-1CE2002F915A}.Release|Any CPU.ActiveCfg = Release|Any CPU
		{31F56872-8A97-4829-9A83-1CE2002F915A}.Release|Any CPU.Build.0 = Release|Any CPU
	EndGlobalSection
	GlobalSection(SolutionProperties) = preSolution
		HideSolutionNode = FALSE
	EndGlobalSection
	GlobalSection(ExtensibilityGlobals) = postSolution
		SolutionGuid = {5D95233C-EC05-40C8-96BF-DD024DA53B3B}
	EndGlobalSection
EndGlobal
