
Microsoft Visual Studio Solution File, Format Version 12.00
# Visual Studio Version 17
VisualStudioVersion = 17.9.34622.214
MinimumVisualStudioVersion = 10.0.40219.1
Project("{FAE04EC0-301F-11D3-BF4B-00C04F79EFBC}") = "Exercicio 25", "Exercicio 25\Exercicio 25.csproj", "{58670B5F-DFCA-4574-BABF-58EA40CEC487}"
EndProject
Global
	GlobalSection(SolutionConfigurationPlatforms) = preSolution
		Debug|Any CPU = Debug|Any CPU
		Release|Any CPU = Release|Any CPU
	EndGlobalSection
	GlobalSection(ProjectConfigurationPlatforms) = postSolution
		{58670B5F-DFCA-4574-BABF-58EA40CEC487}.Debug|Any CPU.ActiveCfg = Debug|Any CPU
		{58670B5F-DFCA-4574-BABF-58EA40CEC487}.Debug|Any CPU.Build.0 = Debug|Any CPU
		{58670B5F-DFCA-4574-BABF-58EA40CEC487}.Release|Any CPU.ActiveCfg = Release|Any CPU
		{58670B5F-DFCA-4574-BABF-58EA40CEC487}.Release|Any CPU.Build.0 = Release|Any CPU
	EndGlobalSection
	GlobalSection(SolutionProperties) = preSolution
		HideSolutionNode = FALSE
	EndGlobalSection
	GlobalSection(ExtensibilityGlobals) = postSolution
		SolutionGuid = {7A746BCB-56FC-4595-9F3F-C566C088B61D}
	EndGlobalSection
EndGlobal
